
Microsoft Visual Studio Solution File, Format Version 12.00
# Visual Studio 15
VisualStudioVersion = 15.0.26228.4
MinimumVisualStudioVersion = 10.0.40219.1
Project("{FAE04EC0-301F-11D3-BF4B-00C04F79EFBC}") = "SolveMeFirst", "..\SolveMeFirst\SolveMeFirst.csproj", "{25F7BC0A-8838-46D1-9A2B-D01A81ADAAD8}"
EndProject
Project("{FAE04EC0-301F-11D3-BF4B-00C04F79EFBC}") = "CompareTheTriplets", "CompareTheTriplets\CompareTheTriplets.csproj", "{50852616-8016-4466-B50F-63738D99C3A6}"
EndProject
Project("{FAE04EC0-301F-11D3-BF4B-00C04F79EFBC}") = "AVeryBigSum", "AVeryBigSum\AVeryBigSum.csproj", "{08E2B80C-9EF9-4EEC-933F-33CC34C1E9B5}"
EndProject
Project("{FAE04EC0-301F-11D3-BF4B-00C04F79EFBC}") = "DiagonalDifference", "DiagonalDifference\DiagonalDifference.csproj", "{D0B51CDF-EA93-4CA3-95F9-BE6DBB54C08E}"
EndProject
Project("{FAE04EC0-301F-11D3-BF4B-00C04F79EFBC}") = "PlusMinus", "PlusMinus\PlusMinus.csproj", "{934D7F04-D293-4656-B660-787D25A546DC}"
EndProject
Project("{FAE04EC0-301F-11D3-BF4B-00C04F79EFBC}") = "Staircase", "Staircase\Staircase.csproj", "{0CC22CEB-5EF4-4C02-8964-109B5BA58AC9}"
EndProject
Project("{FAE04EC0-301F-11D3-BF4B-00C04F79EFBC}") = "Mini-MaxSum", "Mini-MaxSum\Mini-MaxSum.csproj", "{87A552CA-0C6D-4840-9F94-5B49278CC22B}"
EndProject
Global
	GlobalSection(SolutionConfigurationPlatforms) = preSolution
		Debug|Any CPU = Debug|Any CPU
		Release|Any CPU = Release|Any CPU
	EndGlobalSection
	GlobalSection(ProjectConfigurationPlatforms) = postSolution
		{25F7BC0A-8838-46D1-9A2B-D01A81ADAAD8}.Debug|Any CPU.ActiveCfg = Debug|Any CPU
		{25F7BC0A-8838-46D1-9A2B-D01A81ADAAD8}.Debug|Any CPU.Build.0 = Debug|Any CPU
		{25F7BC0A-8838-46D1-9A2B-D01A81ADAAD8}.Release|Any CPU.ActiveCfg = Release|Any CPU
		{25F7BC0A-8838-46D1-9A2B-D01A81ADAAD8}.Release|Any CPU.Build.0 = Release|Any CPU
		{50852616-8016-4466-B50F-63738D99C3A6}.Debug|Any CPU.ActiveCfg = Debug|Any CPU
		{50852616-8016-4466-B50F-63738D99C3A6}.Debug|Any CPU.Build.0 = Debug|Any CPU
		{50852616-8016-4466-B50F-63738D99C3A6}.Release|Any CPU.ActiveCfg = Release|Any CPU
		{50852616-8016-4466-B50F-63738D99C3A6}.Release|Any CPU.Build.0 = Release|Any CPU
		{08E2B80C-9EF9-4EEC-933F-33CC34C1E9B5}.Debug|Any CPU.ActiveCfg = Debug|Any CPU
		{08E2B80C-9EF9-4EEC-933F-33CC34C1E9B5}.Debug|Any CPU.Build.0 = Debug|Any CPU
		{08E2B80C-9EF9-4EEC-933F-33CC34C1E9B5}.Release|Any CPU.ActiveCfg = Release|Any CPU
		{08E2B80C-9EF9-4EEC-933F-33CC34C1E9B5}.Release|Any CPU.Build.0 = Release|Any CPU
		{D0B51CDF-EA93-4CA3-95F9-BE6DBB54C08E}.Debug|Any CPU.ActiveCfg = Debug|Any CPU
		{D0B51CDF-EA93-4CA3-95F9-BE6DBB54C08E}.Debug|Any CPU.Build.0 = Debug|Any CPU
		{D0B51CDF-EA93-4CA3-95F9-BE6DBB54C08E}.Release|Any CPU.ActiveCfg = Release|Any CPU
		{D0B51CDF-EA93-4CA3-95F9-BE6DBB54C08E}.Release|Any CPU.Build.0 = Release|Any CPU
		{934D7F04-D293-4656-B660-787D25A546DC}.Debug|Any CPU.ActiveCfg = Debug|Any CPU
		{934D7F04-D293-4656-B660-787D25A546DC}.Debug|Any CPU.Build.0 = Debug|Any CPU
		{934D7F04-D293-4656-B660-787D25A546DC}.Release|Any CPU.ActiveCfg = Release|Any CPU
		{934D7F04-D293-4656-B660-787D25A546DC}.Release|Any CPU.Build.0 = Release|Any CPU
		{0CC22CEB-5EF4-4C02-8964-109B5BA58AC9}.Debug|Any CPU.ActiveCfg = Debug|Any CPU
		{0CC22CEB-5EF4-4C02-8964-109B5BA58AC9}.Debug|Any CPU.Build.0 = Debug|Any CPU
		{0CC22CEB-5EF4-4C02-8964-109B5BA58AC9}.Release|Any CPU.ActiveCfg = Release|Any CPU
		{0CC22CEB-5EF4-4C02-8964-109B5BA58AC9}.Release|Any CPU.Build.0 = Release|Any CPU
		{87A552CA-0C6D-4840-9F94-5B49278CC22B}.Debug|Any CPU.ActiveCfg = Debug|Any CPU
		{87A552CA-0C6D-4840-9F94-5B49278CC22B}.Debug|Any CPU.Build.0 = Debug|Any CPU
		{87A552CA-0C6D-4840-9F94-5B49278CC22B}.Release|Any CPU.ActiveCfg = Release|Any CPU
		{87A552CA-0C6D-4840-9F94-5B49278CC22B}.Release|Any CPU.Build.0 = Release|Any CPU
	EndGlobalSection
	GlobalSection(SolutionProperties) = preSolution
		HideSolutionNode = FALSE
	EndGlobalSection
EndGlobal
